
Microsoft Visual Studio Solution File, Format Version 12.00
# Visual Studio Version 17
VisualStudioVersion = 17.9.34616.47
MinimumVisualStudioVersion = 10.0.40219.1
Project("{FAE04EC0-301F-11D3-BF4B-00C04F79EFBC}") = "delegates", "delegates\delegates.csproj", "{5B73B196-5E62-493F-AF4D-99A5AB3228D9}"
EndProject
Global
	GlobalSection(SolutionConfigurationPlatforms) = preSolution
		Debug|Any CPU = Debug|Any CPU
		Release|Any CPU = Release|Any CPU
	EndGlobalSection
	GlobalSection(ProjectConfigurationPlatforms) = postSolution
		{5B73B196-5E62-493F-AF4D-99A5AB3228D9}.Debug|Any CPU.ActiveCfg = Debug|Any CPU
		{5B73B196-5E62-493F-AF4D-99A5AB3228D9}.Debug|Any CPU.Build.0 = Debug|Any CPU
		{5B73B196-5E62-493F-AF4D-99A5AB3228D9}.Release|Any CPU.ActiveCfg = Release|Any CPU
		{5B73B196-5E62-493F-AF4D-99A5AB3228D9}.Release|Any CPU.Build.0 = Release|Any CPU
	EndGlobalSection
	GlobalSection(SolutionProperties) = preSolution
		HideSolutionNode = FALSE
	EndGlobalSection
	GlobalSection(ExtensibilityGlobals) = postSolution
		SolutionGuid = {94475019-3FD7-4B21-85A3-AE70F520D2F6}
	EndGlobalSection
EndGlobal
